Microsoft Visual Studio Solution File, Format Version 11.00
# Visual Studio 2008

Project("{A2C29192-4843-01FA-8001-00E16E494ACF}") = "AS", "Assembly-CSharp.csproj", "{435135CA-4CD1-C77B-8DAC-842E4784A27C}"
EndProject
Project("{A2C29192-4843-01FA-8001-00E16E494ACF}") = "AS", "Assembly-CSharp-Editor.csproj", "{00EDEC6F-4D17-1DDD-09B3-2B397BE6A5D9}"
EndProject
Project("{A2C29192-4843-01FA-8001-00E16E494ACF}") = "AS", "Assembly-UnityScript.unityproj", "{1D93E058-874F-B72E-2D24-5AAFAF87F7A8}"
EndProject
Global
	GlobalSection(SolutionConfigurationPlatforms) = preSolution
		Debug|Any CPU = Debug|Any CPU
		Release|Any CPU = Release|Any CPU
	EndGlobalSection
	GlobalSection(ProjectConfigurationPlatforms) = postSolution
		{435135CA-4CD1-C77B-8DAC-842E4784A27C}.Debug|Any CPU.ActiveCfg = Debug|Any CPU
		{435135CA-4CD1-C77B-8DAC-842E4784A27C}.Debug|Any CPU.Build.0 = Debug|Any CPU
		{435135CA-4CD1-C77B-8DAC-842E4784A27C}.Release|Any CPU.ActiveCfg = Release|Any CPU
		{435135CA-4CD1-C77B-8DAC-842E4784A27C}.Release|Any CPU.Build.0 = Release|Any CPU
		{00EDEC6F-4D17-1DDD-09B3-2B397BE6A5D9}.Debug|Any CPU.ActiveCfg = Debug|Any CPU
		{00EDEC6F-4D17-1DDD-09B3-2B397BE6A5D9}.Debug|Any CPU.Build.0 = Debug|Any CPU
		{00EDEC6F-4D17-1DDD-09B3-2B397BE6A5D9}.Release|Any CPU.ActiveCfg = Release|Any CPU
		{00EDEC6F-4D17-1DDD-09B3-2B397BE6A5D9}.Release|Any CPU.Build.0 = Release|Any CPU
		{1D93E058-874F-B72E-2D24-5AAFAF87F7A8}.Debug|Any CPU.ActiveCfg = Debug|Any CPU
		{1D93E058-874F-B72E-2D24-5AAFAF87F7A8}.Debug|Any CPU.Build.0 = Debug|Any CPU
		{1D93E058-874F-B72E-2D24-5AAFAF87F7A8}.Release|Any CPU.ActiveCfg = Release|Any CPU
		{1D93E058-874F-B72E-2D24-5AAFAF87F7A8}.Release|Any CPU.Build.0 = Release|Any CPU
	EndGlobalSection
	GlobalSection(SolutionProperties) = preSolution
		HideSolutionNode = FALSE
	EndGlobalSection
																																															GlobalSection(MonoDevelopProperties) = preSolution
		StartupItem = Assembly-CSharp.csproj
		Policies = $0
		$0.TextStylePolicy = $1
		$1.inheritsSet = null
		$1.scope = text/x-csharp
		$0.CSharpFormattingPolicy = $2
		$2.inheritsSet = Mono
		$2.inheritsScope = text/x-csharp
		$2.scope = text/x-csharp
		$0.TextStylePolicy = $3
		$3.FileWidth = 120
		$3.TabWidth = 4
		$3.EolMarker = Unix
		$3.inheritsSet = Mono
		$3.inheritsScope = text/plain
		$3.scope = text/plain
	EndGlobalSection

EndGlobal
